
Microsoft Visual Studio Solution File, Format Version 12.00
Project("{FAE04EC0-301F-11D3-BF4B-00C04F79EFBC}") = "CraftyMaterialRenamer", "CraftyMaterialRenamer\CraftyMaterialRenamer.csproj", "{594B0F60-FBB5-4A41-8EB7-A7C52D7230D4}"
EndProject
Global
	GlobalSection(SolutionConfigurationPlatforms) = preSolution
		Debug|Any CPU = Debug|Any CPU
		Release|Any CPU = Release|Any CPU
	EndGlobalSection
	GlobalSection(ProjectConfigurationPlatforms) = postSolution
		{594B0F60-FBB5-4A41-8EB7-A7C52D7230D4}.Debug|Any CPU.ActiveCfg = Debug|Any CPU
		{594B0F60-FBB5-4A41-8EB7-A7C52D7230D4}.Debug|Any CPU.Build.0 = Debug|Any CPU
		{594B0F60-FBB5-4A41-8EB7-A7C52D7230D4}.Release|Any CPU.ActiveCfg = Release|Any CPU
		{594B0F60-FBB5-4A41-8EB7-A7C52D7230D4}.Release|Any CPU.Build.0 = Release|Any CPU
	EndGlobalSection
EndGlobal
